<Solution>
  <Configurations>
    <Platform Name="Any CPU" />
    <Platform Name="x64" />
    <Platform Name="x86" />
  </Configurations>
  <Project Path="XtremeIdiots.Portal.Forums.Integration/XtremeIdiots.Portal.Forums.Integration.csproj" />
  <Project Path="XtremeIdiots.Portal.Sync.App.Tests/XtremeIdiots.Portal.Sync.App.Tests.csproj" />
  <Project Path="XtremeIdiots.Portal.Sync.App/XtremeIdiots.Portal.Sync.App.csproj" />
</Solution>
