
Microsoft Visual Studio Solution File, Format Version 12.00
# Visual Studio Version 17
VisualStudioVersion = 17.4.33205.214
MinimumVisualStudioVersion = 10.0.40219.1
Project("{9A19103F-16F7-4668-BE54-9A1E7A4F7556}") = "XtremeIdiots.Portal.Sync.App", "XtremeIdiots.Portal.Sync.App\XtremeIdiots.Portal.Sync.App.csproj", "{69E3AC1D-902D-4E40-9DF6-012C1C5CEEFA}"
EndProject
Project("{9A19103F-16F7-4668-BE54-9A1E7A4F7556}") = "XtremeIdiots.Portal.Forums.Integration", "XtremeIdiots.Portal.Forums.Integration\XtremeIdiots.Portal.Forums.Integration.csproj", "{C147A669-99D7-481E-9E58-2397890F3179}"
EndProject
Global
	GlobalSection(SolutionConfigurationPlatforms) = preSolution
		Debug|Any CPU = Debug|Any CPU
		Release|Any CPU = Release|Any CPU
	EndGlobalSection
	GlobalSection(ProjectConfigurationPlatforms) = postSolution
		{69E3AC1D-902D-4E40-9DF6-012C1C5CEEFA}.Debug|Any CPU.ActiveCfg = Debug|Any CPU
		{69E3AC1D-902D-4E40-9DF6-012C1C5CEEFA}.Debug|Any CPU.Build.0 = Debug|Any CPU
		{69E3AC1D-902D-4E40-9DF6-012C1C5CEEFA}.Release|Any CPU.ActiveCfg = Release|Any CPU
		{69E3AC1D-902D-4E40-9DF6-012C1C5CEEFA}.Release|Any CPU.Build.0 = Release|Any CPU
		{C147A669-99D7-481E-9E58-2397890F3179}.Debug|Any CPU.ActiveCfg = Debug|Any CPU
		{C147A669-99D7-481E-9E58-2397890F3179}.Debug|Any CPU.Build.0 = Debug|Any CPU
		{C147A669-99D7-481E-9E58-2397890F3179}.Release|Any CPU.ActiveCfg = Release|Any CPU
		{C147A669-99D7-481E-9E58-2397890F3179}.Release|Any CPU.Build.0 = Release|Any CPU
	EndGlobalSection
	GlobalSection(SolutionProperties) = preSolution
		HideSolutionNode = FALSE
	EndGlobalSection
	GlobalSection(ExtensibilityGlobals) = postSolution
		SolutionGuid = {FABA8431-8113-4E7F-A666-C34AAFB2C710}
	EndGlobalSection
EndGlobal
